
Microsoft Visual Studio Solution File, Format Version 12.00
# Visual Studio Version 17
VisualStudioVersion = 17.14.36511.14 d17.14
MinimumVisualStudioVersion = 10.0.40219.1
Project("{FAE04EC0-301F-11D3-BF4B-00C04F79EFBC}") = "ConsoleApp1", "ConsoleApp1\ConsoleApp1.csproj", "{81353D21-2EBE-41BB-AC50-CBA3D851DEB8}"
EndProject
Global
	GlobalSection(SolutionConfigurationPlatforms) = preSolution
		Debug|Any CPU = Debug|Any CPU
		Release|Any CPU = Release|Any CPU
	EndGlobalSection
	GlobalSection(ProjectConfigurationPlatforms) = postSolution
		{81353D21-2EBE-41BB-AC50-CBA3D851DEB8}.Debug|Any CPU.ActiveCfg = Debug|Any CPU
		{81353D21-2EBE-41BB-AC50-CBA3D851DEB8}.Debug|Any CPU.Build.0 = Debug|Any CPU
		{81353D21-2EBE-41BB-AC50-CBA3D851DEB8}.Release|Any CPU.ActiveCfg = Release|Any CPU
		{81353D21-2EBE-41BB-AC50-CBA3D851DEB8}.Release|Any CPU.Build.0 = Release|Any CPU
	EndGlobalSection
	GlobalSection(SolutionProperties) = preSolution
		HideSolutionNode = FALSE
	EndGlobalSection
	GlobalSection(ExtensibilityGlobals) = postSolution
		SolutionGuid = {14C66303-59C4-49BA-ADAB-3369D0D79CD8}
	EndGlobalSection
EndGlobal
