
Microsoft Visual Studio Solution File, Format Version 12.00
# Visual Studio Version 17
VisualStudioVersion = 17.14.36511.14 d17.14
MinimumVisualStudioVersion = 10.0.40219.1
Project("{FAE04EC0-301F-11D3-BF4B-00C04F79EFBC}") = "OperatorOverloadingExample", "OperatorOverloadingExample\OperatorOverloadingExample.csproj", "{60C2A99A-209E-4F16-8EDE-0328B77CF549}"
EndProject
Global
	GlobalSection(SolutionConfigurationPlatforms) = preSolution
		Debug|Any CPU = Debug|Any CPU
		Release|Any CPU = Release|Any CPU
	EndGlobalSection
	GlobalSection(ProjectConfigurationPlatforms) = postSolution
		{60C2A99A-209E-4F16-8EDE-0328B77CF549}.Debug|Any CPU.ActiveCfg = Debug|Any CPU
		{60C2A99A-209E-4F16-8EDE-0328B77CF549}.Debug|Any CPU.Build.0 = Debug|Any CPU
		{60C2A99A-209E-4F16-8EDE-0328B77CF549}.Release|Any CPU.ActiveCfg = Release|Any CPU
		{60C2A99A-209E-4F16-8EDE-0328B77CF549}.Release|Any CPU.Build.0 = Release|Any CPU
	EndGlobalSection
	GlobalSection(SolutionProperties) = preSolution
		HideSolutionNode = FALSE
	EndGlobalSection
	GlobalSection(ExtensibilityGlobals) = postSolution
		SolutionGuid = {1BC41838-705B-4A60-8A8B-4EA6B954D016}
	EndGlobalSection
EndGlobal
